
Microsoft Visual Studio Solution File, Format Version 12.00
# Visual Studio Version 17
VisualStudioVersion = 17.11.35303.130
MinimumVisualStudioVersion = 10.0.40219.1
Project("{FAE04EC0-301F-11D3-BF4B-00C04F79EFBC}") = "ReadInt", "ReadInt\ReadInt.csproj", "{C456AA85-75C7-4253-9F2D-4DDBEAD3DB94}"
EndProject
Global
	GlobalSection(SolutionConfigurationPlatforms) = preSolution
		Debug|Any CPU = Debug|Any CPU
		Release|Any CPU = Release|Any CPU
	EndGlobalSection
	GlobalSection(ProjectConfigurationPlatforms) = postSolution
		{C456AA85-75C7-4253-9F2D-4DDBEAD3DB94}.Debug|Any CPU.ActiveCfg = Debug|Any CPU
		{C456AA85-75C7-4253-9F2D-4DDBEAD3DB94}.Debug|Any CPU.Build.0 = Debug|Any CPU
		{C456AA85-75C7-4253-9F2D-4DDBEAD3DB94}.Release|Any CPU.ActiveCfg = Release|Any CPU
		{C456AA85-75C7-4253-9F2D-4DDBEAD3DB94}.Release|Any CPU.Build.0 = Release|Any CPU
	EndGlobalSection
	GlobalSection(SolutionProperties) = preSolution
		HideSolutionNode = FALSE
	EndGlobalSection
	GlobalSection(ExtensibilityGlobals) = postSolution
		SolutionGuid = {8938DBAF-0EEB-43FA-A4B3-2071DC71DE1F}
	EndGlobalSection
EndGlobal
